
Microsoft Visual Studio Solution File, Format Version 12.00
# Visual Studio Version 17
VisualStudioVersion = 17.9.34607.119
MinimumVisualStudioVersion = 10.0.40219.1
Project("{8BC9CEB8-8B4A-11D0-8D11-00A0C91BC942}") = "Deep-Learning-Regression", "Deep-Learning-Regression.vcxproj", "{735AF09B-43EF-4783-9927-20FBA3E4CB2F}"
EndProject
Global
	GlobalSection(SolutionConfigurationPlatforms) = preSolution
		Debug|x64 = Debug|x64
		Debug|x86 = Debug|x86
		Release|x64 = Release|x64
		Release|x86 = Release|x86
	EndGlobalSection
	GlobalSection(ProjectConfigurationPlatforms) = postSolution
		{735AF09B-43EF-4783-9927-20FBA3E4CB2F}.Debug|x64.ActiveCfg = Debug|x64
		{735AF09B-43EF-4783-9927-20FBA3E4CB2F}.Debug|x64.Build.0 = Debug|x64
		{735AF09B-43EF-4783-9927-20FBA3E4CB2F}.Debug|x86.ActiveCfg = Debug|Win32
		{735AF09B-43EF-4783-9927-20FBA3E4CB2F}.Debug|x86.Build.0 = Debug|Win32
		{735AF09B-43EF-4783-9927-20FBA3E4CB2F}.Release|x64.ActiveCfg = Release|x64
		{735AF09B-43EF-4783-9927-20FBA3E4CB2F}.Release|x64.Build.0 = Release|x64
		{735AF09B-43EF-4783-9927-20FBA3E4CB2F}.Release|x86.ActiveCfg = Release|Win32
		{735AF09B-43EF-4783-9927-20FBA3E4CB2F}.Release|x86.Build.0 = Release|Win32
	EndGlobalSection
	GlobalSection(SolutionProperties) = preSolution
		HideSolutionNode = FALSE
	EndGlobalSection
	GlobalSection(ExtensibilityGlobals) = postSolution
		SolutionGuid = {193AB379-9CC5-4938-B42B-7B654650835D}
	EndGlobalSection
EndGlobal
